
Microsoft Visual Studio Solution File, Format Version 12.00
# Visual Studio Version 16
VisualStudioVersion = 16.0.30320.27
MinimumVisualStudioVersion = 10.0.40219.1
Project("{FAE04EC0-301F-11D3-BF4B-00C04F79EFBC}") = "API", "API\API.csproj", "{2EDA6B47-CCFA-48A1-A89C-4BD15B3A2FA2}"
EndProject
Global
	GlobalSection(SolutionConfigurationPlatforms) = preSolution
		Debug|Any CPU = Debug|Any CPU
		Release|Any CPU = Release|Any CPU
	EndGlobalSection
	GlobalSection(ProjectConfigurationPlatforms) = postSolution
		{2EDA6B47-CCFA-48A1-A89C-4BD15B3A2FA2}.Debug|Any CPU.ActiveCfg = Debug|Any CPU
		{2EDA6B47-CCFA-48A1-A89C-4BD15B3A2FA2}.Debug|Any CPU.Build.0 = Debug|Any CPU
		{2EDA6B47-CCFA-48A1-A89C-4BD15B3A2FA2}.Release|Any CPU.ActiveCfg = Release|Any CPU
		{2EDA6B47-CCFA-48A1-A89C-4BD15B3A2FA2}.Release|Any CPU.Build.0 = Release|Any CPU
	EndGlobalSection
	GlobalSection(SolutionProperties) = preSolution
		HideSolutionNode = FALSE
	EndGlobalSection
	GlobalSection(ExtensibilityGlobals) = postSolution
		SolutionGuid = {17829563-B8A2-4265-8A06-28A67F3FB3D9}
	EndGlobalSection
EndGlobal
